dependencies:
- name: argo-workflows
  repository: https://argoproj.github.io/argo-helm
  version: 0.41.4
- name: postgresql-ha
  repository: http://charts.bitnami.com/bitnami
  version: 14.0.12
- name: oauth2-proxy
  repository: https://oauth2-proxy.github.io/manifests
  version: 7.1.0
digest: sha256:fe1897aad954d709274db64a1fc49d89a3122a5665581bf8d6d225940441fbae
generated: "2024-05-24T13:55:50.109292857+01:00"
